# This file was autogenerated by Stack.
# You should not edit this file by hand.
# For more information, please see the documentation at:
#   https://docs.haskellstack.org/en/stable/lock_files

packages:
- completed:
    hackage: HTTP-4000.3.15@sha256:2ba9cfc40afbb231326c4ff685ae678c4454e449fd41672e5ca75fd757fe6ae6,5935
    pantry-tree:
      size: 1428
      sha256: e13a5e1946d54ca8ba7c08a795280a3c71d73a54f77dfc6967beb67acf0f5c3a
  original:
    hackage: HTTP-4000.3.15
- completed:
    hackage: hpp-0.6.3@sha256:d367b4803467c9a7817b4a4640f0d3d4b73269fd6d0dbf5dcda69e5a0938b2e2,1982
    pantry-tree:
      size: 1357
      sha256: 175630baf8c11ad0257c796b57c31fd4ffa540df470e66c0552184869a2cec80
  original:
    hackage: hpp-0.6.3
snapshots:
- completed:
    size: 532413
    url: https://raw.githubusercontent.com/commercialhaskell/stackage-snapshots/master/lts/16/21.yaml
    sha256: 7b5cac89352fa4a88606dc6cb250aee9291f21e2e988d464065f5aa51f5de33d
  original: lts-16.21
